# This file is automatically @generated by Cargo.
# It is not intended for manual editing.
version = 3

[[package]]
name = "avr-config"
version = "2.0.1"
source = "registry+https://github.com/rust-lang/crates.io-index"
checksum = "abb2276df19ea0f25741658d218861b8a24d78eaf926127eb2384f0927f9ab9f"
dependencies = [
 "const_env--value",
]

[[package]]
name = "avr-mcu"
version = "0.3.5"
source = "registry+https://github.com/rust-lang/crates.io-index"
checksum = "029b6df2c7d547a07eca1e2302ef423a0e1be7a61cae020c91eadf06ca354a7a"
dependencies = [
 "json",
 "lazy_static",
 "target-cpu-fetch",
 "xmltree",
]

[[package]]
name = "avr-progmem"
version = "0.3.1"
source = "registry+https://github.com/rust-lang/crates.io-index"
checksum = "d40dd576c3ebfdb9b2b0acd41787d2beb2dd77d1184077a13d8f6c79ab52aacf"
dependencies = [
 "cfg-if",
 "ufmt",
]

[[package]]
name = "avr-std-stub"
version = "1.0.3"
source = "registry+https://github.com/rust-lang/crates.io-index"
checksum = "839920177137ff472f3c35abf5b8166f331c6cf7f2dfa7ffd69f9aa7dc70b526"

[[package]]
name = "avr_delay"
version = "0.4.2"
source = "git+https://github.com/avr-rust/delay?rev=849918a8dfb2#849918a8dfb2f6211787bd8ff69c4083d685cf54"
dependencies = [
 "avr-config",
]

[[package]]
name = "cfg-if"
version = "1.0.0"
source = "registry+https://github.com/rust-lang/crates.io-index"
checksum = "baf1de4339761588bc0619e3cbc0120ee582ebb74b53b4efbf79117bd2da40fd"

[[package]]
name = "chirp8-avr"
version = "0.1.0"
dependencies = [
 "avr-progmem",
 "avr-std-stub",
 "chirp8-engine",
 "progmem-include-bytes",
 "ruduino",
]

[[package]]
name = "chirp8-engine"
version = "0.1.0"

[[package]]
name = "const_env--value"
version = "0.1.2"
source = "registry+https://github.com/rust-lang/crates.io-index"
checksum = "1ade503a5095050a5bf3feb8ae71842fb49dfc4af01dd613beb4f00bb7144645"
dependencies = [
 "const_env_impl--value",
]

[[package]]
name = "const_env_impl--value"
version = "0.1.2"
source = "registry+https://github.com/rust-lang/crates.io-index"
checksum = "a046e06596453266c54d3eb790813fd047494fc1d04d5077fba628bf84e1b83a"
dependencies = [
 "proc-macro2",
 "quote",
 "syn",
]

[[package]]
name = "json"
version = "0.12.4"
source = "registry+https://github.com/rust-lang/crates.io-index"
checksum = "078e285eafdfb6c4b434e0d31e8cfcb5115b651496faca5749b88fafd4f23bfd"

[[package]]
name = "lazy_static"
version = "1.4.0"
source = "registry+https://github.com/rust-lang/crates.io-index"
checksum = "e2abad23fbc42b3700f2f279844dc832adb2b2eb069b2df918f455c4e18cc646"

[[package]]
name = "proc-macro-hack"
version = "0.5.19"
source = "registry+https://github.com/rust-lang/crates.io-index"
checksum = "dbf0c48bc1d91375ae5c3cd81e3722dff1abcf81a30960240640d223f59fe0e5"

[[package]]
name = "proc-macro2"
version = "1.0.47"
source = "registry+https://github.com/rust-lang/crates.io-index"
checksum = "5ea3d908b0e36316caf9e9e2c4625cdde190a7e6f440d794667ed17a1855e725"
dependencies = [
 "unicode-ident",
]

[[package]]
name = "progmem-include-bytes"
version = "0.1.0"
dependencies = [
 "quote",
 "syn",
]

[[package]]
name = "quote"
version = "1.0.21"
source = "registry+https://github.com/rust-lang/crates.io-index"
checksum = "bbe448f377a7d6961e30f5955f9b8d106c3f5e449d493ee1b125c1d43c2b5179"
dependencies = [
 "proc-macro2",
]

[[package]]
name = "ruduino"
version = "0.4.0"
source = "git+https://github.com/avr-rust/ruduino?rev=c0574999752c6bfc2c190312661a0c264247e5b1#c0574999752c6bfc2c190312661a0c264247e5b1"
dependencies = [
 "avr-config",
 "avr-mcu",
 "avr-std-stub",
 "avr_delay",
 "const_env--value",
 "target-cpu-macro",
]

[[package]]
name = "syn"
version = "1.0.105"
source = "registry+https://github.com/rust-lang/crates.io-index"
checksum = "60b9b43d45702de4c839cb9b51d9f529c5dd26a4aff255b42b1ebc03e88ee908"
dependencies = [
 "proc-macro2",
 "quote",
 "unicode-ident",
]

[[package]]
name = "target-cpu-fetch"
version = "0.1.3"
source = "registry+https://github.com/rust-lang/crates.io-index"
checksum = "c620c949188981ea1071b1a280e1cfd7e4ca1394083a4a5b878714a351231031"
dependencies = [
 "json",
]

[[package]]
name = "target-cpu-macro"
version = "0.1.3"
source = "registry+https://github.com/rust-lang/crates.io-index"
checksum = "d6a3fb73cc55bfda6bf277c6c84b03993c41f5068e0d53b74116a9aa9697760b"
dependencies = [
 "json",
 "target-cpu-fetch",
]

[[package]]
name = "ufmt"
version = "0.1.2"
source = "registry+https://github.com/rust-lang/crates.io-index"
checksum = "31d3c0c63312dfc9d8e5c71114d617018a19f6058674003c0da29ee8d8036cdd"
dependencies = [
 "proc-macro-hack",
 "ufmt-macros",
 "ufmt-write",
]

[[package]]
name = "ufmt-macros"
version = "0.2.0"
source = "registry+https://github.com/rust-lang/crates.io-index"
checksum = "e4ab6c92f30c996394a8bd525aef9f03ce01d0d7ac82d81902968057e37dd7d9"
dependencies = [
 "proc-macro-hack",
 "proc-macro2",
 "quote",
 "syn",
]

[[package]]
name = "ufmt-write"
version = "0.1.0"
source = "registry+https://github.com/rust-lang/crates.io-index"
checksum = "e87a2ed6b42ec5e28cc3b94c09982969e9227600b2e3dcbc1db927a84c06bd69"

[[package]]
name = "unicode-ident"
version = "1.0.5"
source = "registry+https://github.com/rust-lang/crates.io-index"
checksum = "6ceab39d59e4c9499d4e5a8ee0e2735b891bb7308ac83dfb4e80cad195c9f6f3"

[[package]]
name = "xml-rs"
version = "0.8.4"
source = "registry+https://github.com/rust-lang/crates.io-index"
checksum = "d2d7d3948613f75c98fd9328cfdcc45acc4d360655289d0a7d4ec931392200a3"

[[package]]
name = "xmltree"
version = "0.10.3"
source = "registry+https://github.com/rust-lang/crates.io-index"
checksum = "d7d8a75eaf6557bb84a65ace8609883db44a29951042ada9b393151532e41fcb"
dependencies = [
 "xml-rs",
]
