# This file is automatically @generated by Cargo.
# It is not intended for manual editing.
[[package]]
name = "chip8-avr"
version = "0.1.0"
dependencies = [
 "chip8-engine",
]

[[package]]
name = "chip8-engine"
version = "0.1.0"
source = "git+https://github.com/gergoerdi/rust-avr-chip8-engine?rev=2188228b4d0446810c47f8129952242cc86d1f45#2188228b4d0446810c47f8129952242cc86d1f45"
